
Microsoft Visual Studio Solution File, Format Version 12.00
# Visual Studio 15
VisualStudioVersion = 15.0.27004.2010
MinimumVisualStudioVersion = 10.0.40219.1
Project("{9A19103F-16F7-4668-BE54-9A1E7A4F7556}") = "Taurus.View_NetCore", "Taurus.View_NetCore\Taurus.View_NetCore.csproj", "{B5D02384-28F4-4DFC-8A60-91D9D53489DA}"
EndProject
Project("{9A19103F-16F7-4668-BE54-9A1E7A4F7556}") = "Taurus.Core_NetCore", "Taurus.Core\Taurus.Core_NetCore.csproj", "{D63FAAFD-2AD9-4A8C-AD50-FA1943107F5E}"
EndProject
Project("{9A19103F-16F7-4668-BE54-9A1E7A4F7556}") = "Taurus.Controllers_NetCore", "Taurus.Controllers\Taurus.Controllers_NetCore.csproj", "{5D64B052-D185-465D-915C-C40AEA61F1D0}"
EndProject
Project("{9A19103F-16F7-4668-BE54-9A1E7A4F7556}") = "CYQ.Data_NetCore", "..\..\CYQ.Data-GitHub\trunk\CYQ.Data_NetCore.csproj", "{D55E231C-E7DC-426C-B0A7-B744865D0BBB}"
EndProject
Global
	GlobalSection(SolutionConfigurationPlatforms) = preSolution
		Debug|Any CPU = Debug|Any CPU
		Release|Any CPU = Release|Any CPU
	EndGlobalSection
	GlobalSection(ProjectConfigurationPlatforms) = postSolution
		{B5D02384-28F4-4DFC-8A60-91D9D53489DA}.Debug|Any CPU.ActiveCfg = Debug|Any CPU
		{B5D02384-28F4-4DFC-8A60-91D9D53489DA}.Debug|Any CPU.Build.0 = Debug|Any CPU
		{B5D02384-28F4-4DFC-8A60-91D9D53489DA}.Release|Any CPU.ActiveCfg = Release|Any CPU
		{B5D02384-28F4-4DFC-8A60-91D9D53489DA}.Release|Any CPU.Build.0 = Release|Any CPU
		{D63FAAFD-2AD9-4A8C-AD50-FA1943107F5E}.Debug|Any CPU.ActiveCfg = Debug|Any CPU
		{D63FAAFD-2AD9-4A8C-AD50-FA1943107F5E}.Debug|Any CPU.Build.0 = Debug|Any CPU
		{D63FAAFD-2AD9-4A8C-AD50-FA1943107F5E}.Release|Any CPU.ActiveCfg = Release|Any CPU
		{D63FAAFD-2AD9-4A8C-AD50-FA1943107F5E}.Release|Any CPU.Build.0 = Release|Any CPU
		{5D64B052-D185-465D-915C-C40AEA61F1D0}.Debug|Any CPU.ActiveCfg = Debug|Any CPU
		{5D64B052-D185-465D-915C-C40AEA61F1D0}.Debug|Any CPU.Build.0 = Debug|Any CPU
		{5D64B052-D185-465D-915C-C40AEA61F1D0}.Release|Any CPU.ActiveCfg = Release|Any CPU
		{5D64B052-D185-465D-915C-C40AEA61F1D0}.Release|Any CPU.Build.0 = Release|Any CPU
		{D55E231C-E7DC-426C-B0A7-B744865D0BBB}.Debug|Any CPU.ActiveCfg = Debug|Any CPU
		{D55E231C-E7DC-426C-B0A7-B744865D0BBB}.Debug|Any CPU.Build.0 = Debug|Any CPU
		{D55E231C-E7DC-426C-B0A7-B744865D0BBB}.Release|Any CPU.ActiveCfg = Release|Any CPU
		{D55E231C-E7DC-426C-B0A7-B744865D0BBB}.Release|Any CPU.Build.0 = Release|Any CPU
	EndGlobalSection
	GlobalSection(SolutionProperties) = preSolution
		HideSolutionNode = FALSE
	EndGlobalSection
	GlobalSection(ExtensibilityGlobals) = postSolution
		SolutionGuid = {CD39CEC9-419D-4EE3-B1DE-D42B2527C808}
	EndGlobalSection
EndGlobal
