
Microsoft Visual Studio Solution File, Format Version 12.00
# Visual Studio Version 17
VisualStudioVersion = 17.2.32616.157
MinimumVisualStudioVersion = 10.0.40219.1
Project("{9A19103F-16F7-4668-BE54-9A1E7A4F7556}") = "Taurus.Controllers_NetCore", "Taurus.Controllers\Taurus.Controllers_NetCore.csproj", "{5D64B052-D185-465D-915C-C40AEA61F1D0}"
EndProject
Project("{9A19103F-16F7-4668-BE54-9A1E7A4F7556}") = "Taurus.View_NetCore", "Taurus.View_NetCore\Taurus.View_NetCore.csproj", "{C4079502-5870-43DB-8BBD-B22C7A26EEC6}"
EndProject
Project("{9A19103F-16F7-4668-BE54-9A1E7A4F7556}") = "Taurus.Core_NetCore", "..\..\src\Taurus.Core\Taurus.Core_NetCore.csproj", "{DECCB6CD-A6B9-40ED-948A-E029562FFCB9}"
EndProject
Project("{9A19103F-16F7-4668-BE54-9A1E7A4F7556}") = "CYQ.Data_NetCore", "..\..\..\..\cyqdata\trunk\src\CYQ.Data_NetCore.csproj", "{8B533C00-2E15-4932-91A8-7D473D3E328E}"
EndProject
Global
	GlobalSection(SolutionConfigurationPlatforms) = preSolution
		Debug|Any CPU = Debug|Any CPU
		Release|Any CPU = Release|Any CPU
	EndGlobalSection
	GlobalSection(ProjectConfigurationPlatforms) = postSolution
		{5D64B052-D185-465D-915C-C40AEA61F1D0}.Debug|Any CPU.ActiveCfg = Debug|Any CPU
		{5D64B052-D185-465D-915C-C40AEA61F1D0}.Debug|Any CPU.Build.0 = Debug|Any CPU
		{5D64B052-D185-465D-915C-C40AEA61F1D0}.Release|Any CPU.ActiveCfg = Release|Any CPU
		{5D64B052-D185-465D-915C-C40AEA61F1D0}.Release|Any CPU.Build.0 = Release|Any CPU
		{C4079502-5870-43DB-8BBD-B22C7A26EEC6}.Debug|Any CPU.ActiveCfg = Debug|Any CPU
		{C4079502-5870-43DB-8BBD-B22C7A26EEC6}.Debug|Any CPU.Build.0 = Debug|Any CPU
		{C4079502-5870-43DB-8BBD-B22C7A26EEC6}.Release|Any CPU.ActiveCfg = Release|Any CPU
		{C4079502-5870-43DB-8BBD-B22C7A26EEC6}.Release|Any CPU.Build.0 = Release|Any CPU
		{DECCB6CD-A6B9-40ED-948A-E029562FFCB9}.Debug|Any CPU.ActiveCfg = Debug|Any CPU
		{DECCB6CD-A6B9-40ED-948A-E029562FFCB9}.Debug|Any CPU.Build.0 = Debug|Any CPU
		{DECCB6CD-A6B9-40ED-948A-E029562FFCB9}.Release|Any CPU.ActiveCfg = Release|Any CPU
		{DECCB6CD-A6B9-40ED-948A-E029562FFCB9}.Release|Any CPU.Build.0 = Release|Any CPU
		{8B533C00-2E15-4932-91A8-7D473D3E328E}.Debug|Any CPU.ActiveCfg = Debug|Any CPU
		{8B533C00-2E15-4932-91A8-7D473D3E328E}.Debug|Any CPU.Build.0 = Debug|Any CPU
		{8B533C00-2E15-4932-91A8-7D473D3E328E}.Release|Any CPU.ActiveCfg = Release|Any CPU
		{8B533C00-2E15-4932-91A8-7D473D3E328E}.Release|Any CPU.Build.0 = Release|Any CPU
	EndGlobalSection
	GlobalSection(SolutionProperties) = preSolution
		HideSolutionNode = FALSE
	EndGlobalSection
	GlobalSection(ExtensibilityGlobals) = postSolution
		SolutionGuid = {CD39CEC9-419D-4EE3-B1DE-D42B2527C808}
	EndGlobalSection
EndGlobal
