
Microsoft Visual Studio Solution File, Format Version 12.00
# Visual Studio Version 17
VisualStudioVersion = 17.2.32616.157
MinimumVisualStudioVersion = 10.0.40219.1
Project("{9A19103F-16F7-4668-BE54-9A1E7A4F7556}") = "MicroService-RegCenter", "MicroService-RegCenter\MicroService-RegCenter.csproj", "{0ED5D90C-E81F-4F16-AF4D-DD796BC046D3}"
EndProject
Project("{9A19103F-16F7-4668-BE54-9A1E7A4F7556}") = "MicroService-RegCenterOfSlave", "MicroService-RegCenterOfSlave\MicroService-RegCenterOfSlave.csproj", "{75FA22D4-3250-42C1-B1CE-2E10C97BDC3F}"
EndProject
Project("{9A19103F-16F7-4668-BE54-9A1E7A4F7556}") = "MicroService-Gateway", "MicroService-Gateway\MicroService-Gateway.csproj", "{D8C97AF4-17C5-470C-B4E1-0BF2074782DF}"
EndProject
Project("{9A19103F-16F7-4668-BE54-9A1E7A4F7556}") = "MicroService-Web", "MicroService-Web\MicroService-Web.csproj", "{D4513110-5F91-42F7-9B41-2E532B1BE2BB}"
EndProject
Project("{9A19103F-16F7-4668-BE54-9A1E7A4F7556}") = "Taurus.Core_NetCore", "..\..\src\Taurus.Core\Taurus.Core_NetCore.csproj", "{C98171C9-5EA2-458F-B631-54DE60A05A3C}"
EndProject
Global
	GlobalSection(SolutionConfigurationPlatforms) = preSolution
		Debug|Any CPU = Debug|Any CPU
		Release|Any CPU = Release|Any CPU
	EndGlobalSection
	GlobalSection(ProjectConfigurationPlatforms) = postSolution
		{0ED5D90C-E81F-4F16-AF4D-DD796BC046D3}.Debug|Any CPU.ActiveCfg = Debug|Any CPU
		{0ED5D90C-E81F-4F16-AF4D-DD796BC046D3}.Debug|Any CPU.Build.0 = Debug|Any CPU
		{0ED5D90C-E81F-4F16-AF4D-DD796BC046D3}.Release|Any CPU.ActiveCfg = Release|Any CPU
		{0ED5D90C-E81F-4F16-AF4D-DD796BC046D3}.Release|Any CPU.Build.0 = Release|Any CPU
		{75FA22D4-3250-42C1-B1CE-2E10C97BDC3F}.Debug|Any CPU.ActiveCfg = Debug|Any CPU
		{75FA22D4-3250-42C1-B1CE-2E10C97BDC3F}.Debug|Any CPU.Build.0 = Debug|Any CPU
		{75FA22D4-3250-42C1-B1CE-2E10C97BDC3F}.Release|Any CPU.ActiveCfg = Release|Any CPU
		{75FA22D4-3250-42C1-B1CE-2E10C97BDC3F}.Release|Any CPU.Build.0 = Release|Any CPU
		{D8C97AF4-17C5-470C-B4E1-0BF2074782DF}.Debug|Any CPU.ActiveCfg = Debug|Any CPU
		{D8C97AF4-17C5-470C-B4E1-0BF2074782DF}.Debug|Any CPU.Build.0 = Debug|Any CPU
		{D8C97AF4-17C5-470C-B4E1-0BF2074782DF}.Release|Any CPU.ActiveCfg = Release|Any CPU
		{D8C97AF4-17C5-470C-B4E1-0BF2074782DF}.Release|Any CPU.Build.0 = Release|Any CPU
		{D4513110-5F91-42F7-9B41-2E532B1BE2BB}.Debug|Any CPU.ActiveCfg = Debug|Any CPU
		{D4513110-5F91-42F7-9B41-2E532B1BE2BB}.Debug|Any CPU.Build.0 = Debug|Any CPU
		{D4513110-5F91-42F7-9B41-2E532B1BE2BB}.Release|Any CPU.ActiveCfg = Release|Any CPU
		{D4513110-5F91-42F7-9B41-2E532B1BE2BB}.Release|Any CPU.Build.0 = Release|Any CPU
		{C98171C9-5EA2-458F-B631-54DE60A05A3C}.Debug|Any CPU.ActiveCfg = Debug|Any CPU
		{C98171C9-5EA2-458F-B631-54DE60A05A3C}.Debug|Any CPU.Build.0 = Debug|Any CPU
		{C98171C9-5EA2-458F-B631-54DE60A05A3C}.Release|Any CPU.ActiveCfg = Release|Any CPU
		{C98171C9-5EA2-458F-B631-54DE60A05A3C}.Release|Any CPU.Build.0 = Release|Any CPU
	EndGlobalSection
	GlobalSection(SolutionProperties) = preSolution
		HideSolutionNode = FALSE
	EndGlobalSection
	GlobalSection(ExtensibilityGlobals) = postSolution
		SolutionGuid = {BBAD514E-D1E2-4BDB-9692-39F123DBD266}
	EndGlobalSection
EndGlobal
